
Microsoft Visual Studio Solution File, Format Version 12.00
# Visual Studio Version 16
VisualStudioVersion = 16.0.30503.244
MinimumVisualStudioVersion = 10.0.40219.1
Project("{FAE04EC0-301F-11D3-BF4B-00C04F79EFBC}") = "consoleProejct", "consoleProejct.csproj", "{726DCC8C-660C-4324-8064-91BA873C8ACE}"
EndProject
Global
	GlobalSection(SolutionConfigurationPlatforms) = preSolution
		Debug|Any CPU = Debug|Any CPU
		Release|Any CPU = Release|Any CPU
	EndGlobalSection
	GlobalSection(ProjectConfigurationPlatforms) = postSolution
		{726DCC8C-660C-4324-8064-91BA873C8ACE}.Debug|Any CPU.ActiveCfg = Debug|Any CPU
		{726DCC8C-660C-4324-8064-91BA873C8ACE}.Debug|Any CPU.Build.0 = Debug|Any CPU
		{726DCC8C-660C-4324-8064-91BA873C8ACE}.Release|Any CPU.ActiveCfg = Release|Any CPU
		{726DCC8C-660C-4324-8064-91BA873C8ACE}.Release|Any CPU.Build.0 = Release|Any CPU
	EndGlobalSection
	GlobalSection(SolutionProperties) = preSolution
		HideSolutionNode = FALSE
	EndGlobalSection
	GlobalSection(ExtensibilityGlobals) = postSolution
		SolutionGuid = {E6F91FC8-EF0F-4338-AC6A-17D273DFAF03}
	EndGlobalSection
EndGlobal
